
Microsoft Visual Studio Solution File, Format Version 12.00
# Visual Studio Version 17
VisualStudioVersion = 17.4.33205.214
MinimumVisualStudioVersion = 10.0.40219.1
Project("{FAE04EC0-301F-11D3-BF4B-00C04F79EFBC}") = "exercicio2", "exercicio2\exercicio2.csproj", "{861021B3-E577-44E7-809F-39990B81B656}"
EndProject
Global
	GlobalSection(SolutionConfigurationPlatforms) = preSolution
		Debug|Any CPU = Debug|Any CPU
		Release|Any CPU = Release|Any CPU
	EndGlobalSection
	GlobalSection(ProjectConfigurationPlatforms) = postSolution
		{861021B3-E577-44E7-809F-39990B81B656}.Debug|Any CPU.ActiveCfg = Debug|Any CPU
		{861021B3-E577-44E7-809F-39990B81B656}.Debug|Any CPU.Build.0 = Debug|Any CPU
		{861021B3-E577-44E7-809F-39990B81B656}.Release|Any CPU.ActiveCfg = Release|Any CPU
		{861021B3-E577-44E7-809F-39990B81B656}.Release|Any CPU.Build.0 = Release|Any CPU
	EndGlobalSection
	GlobalSection(SolutionProperties) = preSolution
		HideSolutionNode = FALSE
	EndGlobalSection
	GlobalSection(ExtensibilityGlobals) = postSolution
		SolutionGuid = {9AA75BA5-E69C-4BD6-81F9-0A8550D68146}
	EndGlobalSection
EndGlobal
